github.com/eknkc/amber v0.0.0-20171010120322-cdade1c07385 h1:clC1lXBpe2kTj2VHdaIu9ajZQe4kcEY9j0NsnDDBZ3o=
github.com/eknkc/amber v0.0.0-20171010120322-cdade1c07385/go.mod h1:0vRUJqYpeSZifjYj7uP3BG/gKcuzL9xWVV/Y+cK33KM=
github.com/godbus/dbus/v5 v5.0.6 h1:mkgN1ofwASrYnJ5W6U/BxG15eXXXjirgZc7CLqkcaro=
github.com/godbus/dbus/v5 v5.0.6/go.mod h1:xhWf0FNVPg57R7Z0UbKHbJfkEywrmjJnf7w5xrFpKfA=
github.com/gorilla/mux v1.8.0 h1:i40aqfkR1h2SlN9hojwV5ZA91wcXFOvkdNIeFDP5koI=
github.com/gorilla/mux v1.8.0/go.mod h1:DVbg23sWSpFRCP0SfiEN6jmj59UnW/n46BH5rLB71So=
github.com/stephenhu/webtools v0.0.0-20220213165221-c4f2202afb5b h1:q8zMkbkrFagKeo4VK6w50VDTwNOWaa7Evpr/NNZumbE=
github.com/stephenhu/webtools v0.0.0-20220213165221-c4f2202afb5b/go.mod h1:k15OKgQY1YHACCmzbnDefco9fnR4zTgxDSWHAcdULR8=
github.com/stephenhu/webtools v0.0.0-20220213171050-66dfe0726014 h1:mzhTuA1G6v4WT0oaXC2nmFcC58xSbvMUlLSuQPQPtB0=
github.com/stephenhu/webtools v0.0.0-20220213171050-66dfe0726014/go.mod h1:k15OKgQY1YHACCmzbnDefco9fnR4zTgxDSWHAcdULR8=
